
Microsoft Visual Studio Solution File, Format Version 12.00
# Visual Studio Version 17
VisualStudioVersion = 17.0.31903.59
MinimumVisualStudioVersion = 10.0.40219.1
Project("{2150E333-8FDC-42A3-9474-1A3956D46DE8}") = "src", "src", "{DF59D005-606E-4940-BD69-1C741F43940E}"
EndProject
Project("{FAE04EC0-301F-11D3-BF4B-00C04F79EFBC}") = "RadioSchedulingSystem.Api", "src\RadioSchedulingSystem.Api\RadioSchedulingSystem.Api.csproj", "{3AA43CD4-79A1-485D-BD39-FAF200CC9099}"
EndProject
Project("{FAE04EC0-301F-11D3-BF4B-00C04F79EFBC}") = "RadioSchedulingSystem.Application", "src\RadioSchedulingSystem.Application\RadioSchedulingSystem.Application.csproj", "{97AA174F-520D-4910-A837-D226360F7D78}"
EndProject
Project("{FAE04EC0-301F-11D3-BF4B-00C04F79EFBC}") = "RadioSchedulingSystem.Domain", "src\RadioSchedulingSystem.Domain\RadioSchedulingSystem.Domain.csproj", "{9900BDB5-6F04-406A-BBD4-C886A2F7FFD9}"
EndProject
Project("{FAE04EC0-301F-11D3-BF4B-00C04F79EFBC}") = "RadioSchedulingSystem.Infrastructure", "src\RadioSchedulingSystem.Infrastructure\RadioSchedulingSystem.Infrastructure.csproj", "{B20B5963-05AD-4B76-B821-FFD88AFC1C6F}"
EndProject
Global
	GlobalSection(SolutionConfigurationPlatforms) = preSolution
		Debug|Any CPU = Debug|Any CPU
		Release|Any CPU = Release|Any CPU
	EndGlobalSection
	GlobalSection(SolutionProperties) = preSolution
		HideSolutionNode = FALSE
	EndGlobalSection
	GlobalSection(ProjectConfigurationPlatforms) = postSolution
		{3AA43CD4-79A1-485D-BD39-FAF200CC9099}.Debug|Any CPU.ActiveCfg = Debug|Any CPU
		{3AA43CD4-79A1-485D-BD39-FAF200CC9099}.Debug|Any CPU.Build.0 = Debug|Any CPU
		{3AA43CD4-79A1-485D-BD39-FAF200CC9099}.Release|Any CPU.ActiveCfg = Release|Any CPU
		{3AA43CD4-79A1-485D-BD39-FAF200CC9099}.Release|Any CPU.Build.0 = Release|Any CPU
		{97AA174F-520D-4910-A837-D226360F7D78}.Debug|Any CPU.ActiveCfg = Debug|Any CPU
		{97AA174F-520D-4910-A837-D226360F7D78}.Debug|Any CPU.Build.0 = Debug|Any CPU
		{97AA174F-520D-4910-A837-D226360F7D78}.Release|Any CPU.ActiveCfg = Release|Any CPU
		{97AA174F-520D-4910-A837-D226360F7D78}.Release|Any CPU.Build.0 = Release|Any CPU
		{9900BDB5-6F04-406A-BBD4-C886A2F7FFD9}.Debug|Any CPU.ActiveCfg = Debug|Any CPU
		{9900BDB5-6F04-406A-BBD4-C886A2F7FFD9}.Debug|Any CPU.Build.0 = Debug|Any CPU
		{9900BDB5-6F04-406A-BBD4-C886A2F7FFD9}.Release|Any CPU.ActiveCfg = Release|Any CPU
		{9900BDB5-6F04-406A-BBD4-C886A2F7FFD9}.Release|Any CPU.Build.0 = Release|Any CPU
		{B20B5963-05AD-4B76-B821-FFD88AFC1C6F}.Debug|Any CPU.ActiveCfg = Debug|Any CPU
		{B20B5963-05AD-4B76-B821-FFD88AFC1C6F}.Debug|Any CPU.Build.0 = Debug|Any CPU
		{B20B5963-05AD-4B76-B821-FFD88AFC1C6F}.Release|Any CPU.ActiveCfg = Release|Any CPU
		{B20B5963-05AD-4B76-B821-FFD88AFC1C6F}.Release|Any CPU.Build.0 = Release|Any CPU
	EndGlobalSection
	GlobalSection(NestedProjects) = preSolution
		{3AA43CD4-79A1-485D-BD39-FAF200CC9099} = {DF59D005-606E-4940-BD69-1C741F43940E}
		{97AA174F-520D-4910-A837-D226360F7D78} = {DF59D005-606E-4940-BD69-1C741F43940E}
		{9900BDB5-6F04-406A-BBD4-C886A2F7FFD9} = {DF59D005-606E-4940-BD69-1C741F43940E}
		{B20B5963-05AD-4B76-B821-FFD88AFC1C6F} = {DF59D005-606E-4940-BD69-1C741F43940E}
	EndGlobalSection
EndGlobal
